
Microsoft Visual Studio Solution File, Format Version 12.00
# Visual Studio Version 16
VisualStudioVersion = 16.0.30114.105
MinimumVisualStudioVersion = 10.0.40219.1
Project("{FAE04EC0-301F-11D3-BF4B-00C04F79EFBC}") = "test", "test\test.csproj", "{8B074DD1-4505-4623-97E5-BCEF199D45CA}"
EndProject
Global
	GlobalSection(SolutionConfigurationPlatforms) = preSolution
		Debug|Any CPU = Debug|Any CPU
		Release|Any CPU = Release|Any CPU
	EndGlobalSection
	GlobalSection(ProjectConfigurationPlatforms) = postSolution
		{8B074DD1-4505-4623-97E5-BCEF199D45CA}.Debug|Any CPU.ActiveCfg = Debug|Any CPU
		{8B074DD1-4505-4623-97E5-BCEF199D45CA}.Debug|Any CPU.Build.0 = Debug|Any CPU
		{8B074DD1-4505-4623-97E5-BCEF199D45CA}.Release|Any CPU.ActiveCfg = Release|Any CPU
		{8B074DD1-4505-4623-97E5-BCEF199D45CA}.Release|Any CPU.Build.0 = Release|Any CPU
	EndGlobalSection
	GlobalSection(SolutionProperties) = preSolution
		HideSolutionNode = FALSE
	EndGlobalSection
	GlobalSection(ExtensibilityGlobals) = postSolution
		SolutionGuid = {614EBFB9-46E6-44AC-A746-7D325A5E99AB}
	EndGlobalSection
EndGlobal
